
Microsoft Visual Studio Solution File, Format Version 12.00
# Visual Studio Version 17
VisualStudioVersion = 17.5.002.0
MinimumVisualStudioVersion = 10.0.40219.1
Project("{9A19103F-16F7-4668-BE54-9A1E7A4F7556}") = "Neural Network", "Neural Network\Neural Network.csproj", "{8CE28DDF-1074-4D86-8E7D-52761BD0C191}"
EndProject
Project("{2150E333-8FDC-42A3-9474-1A3956D46DE8}") = "Neural Network (1)", "Neural Network", "{CE148DE4-CF0A-49F2-BFEA-62B332B861B3}"
EndProject
Project("{9A19103F-16F7-4668-BE54-9A1E7A4F7556}") = "SharpGrad", "Neural Network\SharpGrad\SharpGrad.csproj", "{7FBA6FBE-FCB6-4DE0-A6C3-F3ADF9616C6A}"
EndProject
Global
	GlobalSection(SolutionConfigurationPlatforms) = preSolution
		Debug|Any CPU = Debug|Any CPU
		Release|Any CPU = Release|Any CPU
	EndGlobalSection
	GlobalSection(ProjectConfigurationPlatforms) = postSolution
		{8CE28DDF-1074-4D86-8E7D-52761BD0C191}.Debug|Any CPU.ActiveCfg = Debug|Any CPU
		{8CE28DDF-1074-4D86-8E7D-52761BD0C191}.Debug|Any CPU.Build.0 = Debug|Any CPU
		{8CE28DDF-1074-4D86-8E7D-52761BD0C191}.Release|Any CPU.ActiveCfg = Release|Any CPU
		{8CE28DDF-1074-4D86-8E7D-52761BD0C191}.Release|Any CPU.Build.0 = Release|Any CPU
		{7FBA6FBE-FCB6-4DE0-A6C3-F3ADF9616C6A}.Debug|Any CPU.ActiveCfg = Debug|Any CPU
		{7FBA6FBE-FCB6-4DE0-A6C3-F3ADF9616C6A}.Debug|Any CPU.Build.0 = Debug|Any CPU
		{7FBA6FBE-FCB6-4DE0-A6C3-F3ADF9616C6A}.Release|Any CPU.ActiveCfg = Release|Any CPU
		{7FBA6FBE-FCB6-4DE0-A6C3-F3ADF9616C6A}.Release|Any CPU.Build.0 = Release|Any CPU
	EndGlobalSection
	GlobalSection(SolutionProperties) = preSolution
		HideSolutionNode = FALSE
	EndGlobalSection
	GlobalSection(NestedProjects) = preSolution
		{7FBA6FBE-FCB6-4DE0-A6C3-F3ADF9616C6A} = {CE148DE4-CF0A-49F2-BFEA-62B332B861B3}
	EndGlobalSection
	GlobalSection(ExtensibilityGlobals) = postSolution
		SolutionGuid = {B9C88372-3F01-4CDE-9ACB-7492946CF124}
	EndGlobalSection
EndGlobal
